Microsoft Visual Studio Solution File, Format Version 12.00
# Visual Studio 2012
Project("{FAE04EC0-301F-11D3-BF4B-00C04F79EFBC}") = "FirstTopDownRPG", "FirstTopDownRPG.csproj", "{C34B5FD6-0FFC-4F12-95C8-DC341365A876}"
EndProject
Global
	GlobalSection(SolutionConfigurationPlatforms) = preSolution
	Debug|Any CPU = Debug|Any CPU
	ExportDebug|Any CPU = ExportDebug|Any CPU
	ExportRelease|Any CPU = ExportRelease|Any CPU
	EndGlobalSection
	GlobalSection(ProjectConfigurationPlatforms) = postSolution
		{C34B5FD6-0FFC-4F12-95C8-DC341365A876}.Debug|Any CPU.ActiveCfg = Debug|Any CPU
		{C34B5FD6-0FFC-4F12-95C8-DC341365A876}.Debug|Any CPU.Build.0 = Debug|Any CPU
		{C34B5FD6-0FFC-4F12-95C8-DC341365A876}.ExportDebug|Any CPU.ActiveCfg = ExportDebug|Any CPU
		{C34B5FD6-0FFC-4F12-95C8-DC341365A876}.ExportDebug|Any CPU.Build.0 = ExportDebug|Any CPU
		{C34B5FD6-0FFC-4F12-95C8-DC341365A876}.ExportRelease|Any CPU.ActiveCfg = ExportRelease|Any CPU
		{C34B5FD6-0FFC-4F12-95C8-DC341365A876}.ExportRelease|Any CPU.Build.0 = ExportRelease|Any CPU
	EndGlobalSection
EndGlobal
